
Microsoft Visual Studio Solution File, Format Version 12.00
# Visual Studio Version 17
VisualStudioVersion = 17.8.34511.84
MinimumVisualStudioVersion = 10.0.40219.1
Project("{8BC9CEB8-8B4A-11D0-8D11-00A0C91BC942}") = "sort", "sort\sort.vcxproj", "{0EDB0EE3-3E23-43BA-81F8-BC0A4933FC3D}"
EndProject
Global
	GlobalSection(SolutionConfigurationPlatforms) = preSolution
		Debug|x64 = Debug|x64
		Debug|x86 = Debug|x86
		Release|x64 = Release|x64
		Release|x86 = Release|x86
	EndGlobalSection
	GlobalSection(ProjectConfigurationPlatforms) = postSolution
		{0EDB0EE3-3E23-43BA-81F8-BC0A4933FC3D}.Debug|x64.ActiveCfg = Debug|x64
		{0EDB0EE3-3E23-43BA-81F8-BC0A4933FC3D}.Debug|x64.Build.0 = Debug|x64
		{0EDB0EE3-3E23-43BA-81F8-BC0A4933FC3D}.Debug|x86.ActiveCfg = Debug|Win32
		{0EDB0EE3-3E23-43BA-81F8-BC0A4933FC3D}.Debug|x86.Build.0 = Debug|Win32
		{0EDB0EE3-3E23-43BA-81F8-BC0A4933FC3D}.Release|x64.ActiveCfg = Release|x64
		{0EDB0EE3-3E23-43BA-81F8-BC0A4933FC3D}.Release|x64.Build.0 = Release|x64
		{0EDB0EE3-3E23-43BA-81F8-BC0A4933FC3D}.Release|x86.ActiveCfg = Release|Win32
		{0EDB0EE3-3E23-43BA-81F8-BC0A4933FC3D}.Release|x86.Build.0 = Release|Win32
	EndGlobalSection
	GlobalSection(SolutionProperties) = preSolution
		HideSolutionNode = FALSE
	EndGlobalSection
	GlobalSection(ExtensibilityGlobals) = postSolution
		SolutionGuid = {E67256BF-3BB1-4442-AEEE-127CF096F6FC}
	EndGlobalSection
EndGlobal
